// !$*UTF8*$!
{
	archiveVersion = 1;
	classes = {
	};
	objectVersion = 56;
	objects = {

/* Begin PBXBuildFile section */
		C015E84A2C507C7B0039AD51 /* ThreadsApp.swift in Sources */ = {isa = PBXBuildFile; fileRef = C015E8492C507C7B0039AD51 /* ThreadsApp.swift */; };
		C015E84C2C507C7B0039AD51 /* MainView.swift in Sources */ = {isa = PBXBuildFile; fileRef = C015E84B2C507C7B0039AD51 /* MainView.swift */; };
		C015E84E2C507C7B0039AD51 /* Assets.xcassets in Resources */ = {isa = PBXBuildFile; fileRef = C015E84D2C507C7B0039AD51 /* Assets.xcassets */; };
		C015E8512C507C7B0039AD51 /* Preview Assets.xcassets in Resources */ = {isa = PBXBuildFile; fileRef = C015E8502C507C7B0039AD51 /* Preview Assets.xcassets */; };
		C015E8622C507FA40039AD51 /* LoginView.swift in Sources */ = {isa = PBXBuildFile; fileRef = C015E8612C507FA40039AD51 /* LoginView.swift */; };
		C015E86A2C5087660039AD51 /* RegistrationView.swift in Sources */ = {isa = PBXBuildFile; fileRef = C015E8692C5087660039AD51 /* RegistrationView.swift */; };
		C015E86D2C50886C0039AD51 /* ThreadsTextFieldModifier.swift in Sources */ = {isa = PBXBuildFile; fileRef = C015E86C2C50886C0039AD51 /* ThreadsTextFieldModifier.swift */; };
		C015E8702C5089BA0039AD51 /* ThreadsTabView.swift in Sources */ = {isa = PBXBuildFile; fileRef = C015E86F2C5089BA0039AD51 /* ThreadsTabView.swift */; };
		C015E8742C508E2F0039AD51 /* FeedView.swift in Sources */ = {isa = PBXBuildFile; fileRef = C015E8732C508E2F0039AD51 /* FeedView.swift */; };
		C015E8782C508E6C0039AD51 /* ExploreView.swift in Sources */ = {isa = PBXBuildFile; fileRef = C015E8772C508E6C0039AD51 /* ExploreView.swift */; };
		C015E87C2C508EA40039AD51 /* CommunityView.swift in Sources */ = {isa = PBXBuildFile; fileRef = C015E87B2C508EA40039AD51 /* CommunityView.swift */; };
		C015E8802C508ED40039AD51 /* ActivityView.swift in Sources */ = {isa = PBXBuildFile; fileRef = C015E87F2C508ED40039AD51 /* ActivityView.swift */; };
		C015E8842C508EFD0039AD51 /* MessageView.swift in Sources */ = {isa = PBXBuildFile; fileRef = C015E8832C508EFD0039AD51 /* MessageView.swift */; };
		C015E8862C5090000039AD51 /* ThreadCell.swift in Sources */ = {isa = PBXBuildFile; fileRef = C015E8852C5090000039AD51 /* ThreadCell.swift */; };
/* End PBXBuildFile section */

/* Begin PBXFileReference section */
		C015E8462C507C7B0039AD51 /* Threads.app */ = {isa = PBXFileReference; explicitFileType = wrapper.application; includeInIndex = 0; path = Threads.app; sourceTree = BUILT_PRODUCTS_DIR; };
		C015E8492C507C7B0039AD51 /* ThreadsApp.swift */ = {isa = PBXFileReference; lastKnownFileType = sourcecode.swift; path = ThreadsApp.swift; sourceTree = "<group>"; };
		C015E84B2C507C7B0039AD51 /* MainView.swift */ = {isa = PBXFileReference; lastKnownFileType = sourcecode.swift; path = MainView.swift; sourceTree = "<group>"; };
		C015E84D2C507C7B0039AD51 /* Assets.xcassets */ = {isa = PBXFileReference; lastKnownFileType = folder.assetcatalog; path = Assets.xcassets; sourceTree = "<group>"; };
		C015E8502C507C7B0039AD51 /* Preview Assets.xcassets */ = {isa = PBXFileReference; lastKnownFileType = folder.assetcatalog; path = "Preview Assets.xcassets"; sourceTree = "<group>"; };
		C015E8612C507FA40039AD51 /* LoginView.swift */ = {isa = PBXFileReference; lastKnownFileType = sourcecode.swift; path = LoginView.swift; sourceTree = "<group>"; };
		C015E8692C5087660039AD51 /* RegistrationView.swift */ = {isa = PBXFileReference; lastKnownFileType = sourcecode.swift; path = RegistrationView.swift; sourceTree = "<group>"; };
		C015E86C2C50886C0039AD51 /* ThreadsTextFieldModifier.swift */ = {isa = PBXFileReference; lastKnownFileType = sourcecode.swift; path = ThreadsTextFieldModifier.swift; sourceTree = "<group>"; };
		C015E86F2C5089BA0039AD51 /* ThreadsTabView.swift */ = {isa = PBXFileReference; lastKnownFileType = sourcecode.swift; path = ThreadsTabView.swift; sourceTree = "<group>"; };
		C015E8732C508E2F0039AD51 /* FeedView.swift */ = {isa = PBXFileReference; lastKnownFileType = sourcecode.swift; path = FeedView.swift; sourceTree = "<group>"; };
		C015E8772C508E6C0039AD51 /* ExploreView.swift */ = {isa = PBXFileReference; lastKnownFileType = sourcecode.swift; path = ExploreView.swift; sourceTree = "<group>"; };
		C015E87B2C508EA40039AD51 /* CommunityView.swift */ = {isa = PBXFileReference; lastKnownFileType = sourcecode.swift; path = CommunityView.swift; sourceTree = "<group>"; };
		C015E87F2C508ED40039AD51 /* ActivityView.swift */ = {isa = PBXFileReference; lastKnownFileType = sourcecode.swift; path = ActivityView.swift; sourceTree = "<group>"; };
		C015E8832C508EFD0039AD51 /* MessageView.swift */ = {isa = PBXFileReference; lastKnownFileType = sourcecode.swift; path = MessageView.swift; sourceTree = "<group>"; };
		C015E8852C5090000039AD51 /* ThreadCell.swift */ = {isa = PBXFileReference; lastKnownFileType = sourcecode.swift; path = ThreadCell.swift; sourceTree = "<group>"; };
/* End PBXFileReference section */

/* Begin PBXFrameworksBuildPhase section */
		C015E8432C507C7B0039AD51 /* Frameworks */ = {
			isa = PBXFrameworksBuildPhase;
			buildActionMask = 2147483647;
			files = (
			);
			runOnlyForDeploymentPostprocessing = 0;
		};
/* End PBXFrameworksBuildPhase section */

/* Begin PBXGroup section */
		C015E83D2C507C7B0039AD51 = {
			isa = PBXGroup;
			children = (
				C015E8482C507C7B0039AD51 /* Threads */,
				C015E8472C507C7B0039AD51 /* Products */,
			);
			sourceTree = "<group>";
		};
		C015E8472C507C7B0039AD51 /* Products */ = {
			isa = PBXGroup;
			children = (
				C015E8462C507C7B0039AD51 /* Threads.app */,
			);
			name = Products;
			sourceTree = "<group>";
		};
		C015E8482C507C7B0039AD51 /* Threads */ = {
			isa = PBXGroup;
			children = (
				C015E8572C507E650039AD51 /* App */,
				C015E8582C507EF00039AD51 /* Core */,
				C015E85D2C507F2A0039AD51 /* Utilities */,
				C015E85C2C507F250039AD51 /* Services */,
				C015E85B2C507F210039AD51 /* Model */,
				C015E8592C507F0A0039AD51 /* Extensions */,
				C015E84D2C507C7B0039AD51 /* Assets.xcassets */,
				C015E84F2C507C7B0039AD51 /* Preview Content */,
			);
			path = Threads;
			sourceTree = "<group>";
		};
		C015E84F2C507C7B0039AD51 /* Preview Content */ = {
			isa = PBXGroup;
			children = (
				C015E8502C507C7B0039AD51 /* Preview Assets.xcassets */,
			);
			path = "Preview Content";
			sourceTree = "<group>";
		};
		C015E8572C507E650039AD51 /* App */ = {
			isa = PBXGroup;
			children = (
				C015E8492C507C7B0039AD51 /* ThreadsApp.swift */,
			);
			path = App;
			sourceTree = "<group>";
		};
		C015E8582C507EF00039AD51 /* Core */ = {
			isa = PBXGroup;
			children = (
				C015E85E2C507F3F0039AD51 /* Authentication */,
				C015E87D2C508EC60039AD51 /* Activity */,
				C015E8792C508E820039AD51 /* Community */,
				C015E8752C508E5D0039AD51 /* Explore */,
				C015E8712C508E1D0039AD51 /* Feed */,
				C015E8812C508EE80039AD51 /* Messages */,
				C015E85F2C507F4C0039AD51 /* Root */,
				C015E86E2C50899D0039AD51 /* TabBar */,
			);
			path = Core;
			sourceTree = "<group>";
		};
		C015E8592C507F0A0039AD51 /* Extensions */ = {
			isa = PBXGroup;
			children = (
			);
			path = Extensions;
			sourceTree = "<group>";
		};
		C015E85B2C507F210039AD51 /* Model */ = {
			isa = PBXGroup;
			children = (
			);
			path = Model;
			sourceTree = "<group>";
		};
		C015E85C2C507F250039AD51 /* Services */ = {
			isa = PBXGroup;
			children = (
			);
			path = Services;
			sourceTree = "<group>";
		};
		C015E85D2C507F2A0039AD51 /* Utilities */ = {
			isa = PBXGroup;
			children = (
				C015E86B2C50885D0039AD51 /* ViewModifiers */,
			);
			path = Utilities;
			sourceTree = "<group>";
		};
		C015E85E2C507F3F0039AD51 /* Authentication */ = {
			isa = PBXGroup;
			children = (
				C015E8602C507F740039AD51 /* Views */,
			);
			path = Authentication;
			sourceTree = "<group>";
		};
		C015E85F2C507F4C0039AD51 /* Root */ = {
			isa = PBXGroup;
			children = (
				C015E84B2C507C7B0039AD51 /* MainView.swift */,
			);
			path = Root;
			sourceTree = "<group>";
		};
		C015E8602C507F740039AD51 /* Views */ = {
			isa = PBXGroup;
			children = (
				C015E8612C507FA40039AD51 /* LoginView.swift */,
				C015E8692C5087660039AD51 /* RegistrationView.swift */,
			);
			path = Views;
			sourceTree = "<group>";
		};
		C015E86B2C50885D0039AD51 /* ViewModifiers */ = {
			isa = PBXGroup;
			children = (
				C015E86C2C50886C0039AD51 /* ThreadsTextFieldModifier.swift */,
			);
			path = ViewModifiers;
			sourceTree = "<group>";
		};
		C015E86E2C50899D0039AD51 /* TabBar */ = {
			isa = PBXGroup;
			children = (
				C015E86F2C5089BA0039AD51 /* ThreadsTabView.swift */,
			);
			path = TabBar;
			sourceTree = "<group>";
		};
		C015E8712C508E1D0039AD51 /* Feed */ = {
			isa = PBXGroup;
			children = (
				C015E8722C508E220039AD51 /* View */,
			);
			path = Feed;
			sourceTree = "<group>";
		};
		C015E8722C508E220039AD51 /* View */ = {
			isa = PBXGroup;
			children = (
				C015E8732C508E2F0039AD51 /* FeedView.swift */,
				C015E8852C5090000039AD51 /* ThreadCell.swift */,
			);
			path = View;
			sourceTree = "<group>";
		};
		C015E8752C508E5D0039AD51 /* Explore */ = {
			isa = PBXGroup;
			children = (
				C015E8762C508E620039AD51 /* View */,
			);
			path = Explore;
			sourceTree = "<group>";
		};
		C015E8762C508E620039AD51 /* View */ = {
			isa = PBXGroup;
			children = (
				C015E8772C508E6C0039AD51 /* ExploreView.swift */,
			);
			path = View;
			sourceTree = "<group>";
		};
		C015E8792C508E820039AD51 /* Community */ = {
			isa = PBXGroup;
			children = (
				C015E87A2C508E9C0039AD51 /* View */,
			);
			path = Community;
			sourceTree = "<group>";
		};
		C015E87A2C508E9C0039AD51 /* View */ = {
			isa = PBXGroup;
			children = (
				C015E87B2C508EA40039AD51 /* CommunityView.swift */,
			);
			path = View;
			sourceTree = "<group>";
		};
		C015E87D2C508EC60039AD51 /* Activity */ = {
			isa = PBXGroup;
			children = (
				C015E87E2C508ECA0039AD51 /* View */,
			);
			path = Activity;
			sourceTree = "<group>";
		};
		C015E87E2C508ECA0039AD51 /* View */ = {
			isa = PBXGroup;
			children = (
				C015E87F2C508ED40039AD51 /* ActivityView.swift */,
			);
			path = View;
			sourceTree = "<group>";
		};
		C015E8812C508EE80039AD51 /* Messages */ = {
			isa = PBXGroup;
			children = (
				C015E8822C508EF60039AD51 /* View */,
			);
			path = Messages;
			sourceTree = "<group>";
		};
		C015E8822C508EF60039AD51 /* View */ = {
			isa = PBXGroup;
			children = (
				C015E8832C508EFD0039AD51 /* MessageView.swift */,
			);
			path = View;
			sourceTree = "<group>";
		};
/* End PBXGroup section */

/* Begin PBXNativeTarget section */
		C015E8452C507C7B0039AD51 /* Threads */ = {
			isa = PBXNativeTarget;
			buildConfigurationList = C015E8542C507C7B0039AD51 /* Build configuration list for PBXNativeTarget "Threads" */;
			buildPhases = (
				C015E8422C507C7B0039AD51 /* Sources */,
				C015E8432C507C7B0039AD51 /* Frameworks */,
				C015E8442C507C7B0039AD51 /* Resources */,
			);
			buildRules = (
			);
			dependencies = (
			);
			name = Threads;
			productName = Threads;
			productReference = C015E8462C507C7B0039AD51 /* Threads.app */;
			productType = "com.apple.product-type.application";
		};
/* End PBXNativeTarget section */

/* Begin PBXProject section */
		C015E83E2C507C7B0039AD51 /* Project object */ = {
			isa = PBXProject;
			attributes = {
				BuildIndependentTargetsInParallel = 1;
				LastSwiftUpdateCheck = 1530;
				LastUpgradeCheck = 1530;
				TargetAttributes = {
					C015E8452C507C7B0039AD51 = {
						CreatedOnToolsVersion = 15.3;
					};
				};
			};
			buildConfigurationList = C015E8412C507C7B0039AD51 /* Build configuration list for PBXProject "Threads" */;
			compatibilityVersion = "Xcode 14.0";
			developmentRegion = en;
			hasScannedForEncodings = 0;
			knownRegions = (
				en,
				Base,
			);
			mainGroup = C015E83D2C507C7B0039AD51;
			productRefGroup = C015E8472C507C7B0039AD51 /* Products */;
			projectDirPath = "";
			projectRoot = "";
			targets = (
				C015E8452C507C7B0039AD51 /* Threads */,
			);
		};
/* End PBXProject section */

/* Begin PBXResourcesBuildPhase section */
		C015E8442C507C7B0039AD51 /* Resources */ = {
			isa = PBXResourcesBuildPhase;
			buildActionMask = 2147483647;
			files = (
				C015E8512C507C7B0039AD51 /* Preview Assets.xcassets in Resources */,
				C015E84E2C507C7B0039AD51 /* Assets.xcassets in Resources */,
			);
			runOnlyForDeploymentPostprocessing = 0;
		};
/* End PBXResourcesBuildPhase section */

/* Begin PBXSourcesBuildPhase section */
		C015E8422C507C7B0039AD51 /* Sources */ = {
			isa = PBXSourcesBuildPhase;
			buildActionMask = 2147483647;
			files = (
				C015E8742C508E2F0039AD51 /* FeedView.swift in Sources */,
				C015E8622C507FA40039AD51 /* LoginView.swift in Sources */,
				C015E84C2C507C7B0039AD51 /* MainView.swift in Sources */,
				C015E8862C5090000039AD51 /* ThreadCell.swift in Sources */,
				C015E8802C508ED40039AD51 /* ActivityView.swift in Sources */,
				C015E8702C5089BA0039AD51 /* ThreadsTabView.swift in Sources */,
				C015E86D2C50886C0039AD51 /* ThreadsTextFieldModifier.swift in Sources */,
				C015E8842C508EFD0039AD51 /* MessageView.swift in Sources */,
				C015E87C2C508EA40039AD51 /* CommunityView.swift in Sources */,
				C015E84A2C507C7B0039AD51 /* ThreadsApp.swift in Sources */,
				C015E8782C508E6C0039AD51 /* ExploreView.swift in Sources */,
				C015E86A2C5087660039AD51 /* RegistrationView.swift in Sources */,
			);
			runOnlyForDeploymentPostprocessing = 0;
		};
/* End PBXSourcesBuildPhase section */

/* Begin XCBuildConfiguration section */
		C015E8522C507C7B0039AD51 /* Debug */ = {
			isa = XCBuildConfiguration;
			buildSettings = {
				ALWAYS_SEARCH_USER_PATHS = NO;
				ASSETCATALOG_COMPILER_GENERATE_SWIFT_ASSET_SYMBOL_EXTENSIONS = YES;
				CLANG_ANALYZER_NONNULL = YES;
				CLANG_ANALYZER_NUMBER_OBJECT_CONVERSION = YES_AGGRESSIVE;
				CLANG_CXX_LANGUAGE_STANDARD = "gnu++20";
				CLANG_ENABLE_MODULES = YES;
				CLANG_ENABLE_OBJC_ARC = YES;
				CLANG_ENABLE_OBJC_WEAK = YES;
				CLANG_WARN_BLOCK_CAPTURE_AUTORELEASING = YES;
				CLANG_WARN_BOOL_CONVERSION = YES;
				CLANG_WARN_COMMA = YES;
				CLANG_WARN_CONSTANT_CONVERSION = YES;
				CLANG_WARN_DEPRECATED_OBJC_IMPLEMENTATIONS = YES;
				CLANG_WARN_DIRECT_OBJC_ISA_USAGE = YES_ERROR;
				CLANG_WARN_DOCUMENTATION_COMMENTS = YES;
				CLANG_WARN_EMPTY_BODY = YES;
				CLANG_WARN_ENUM_CONVERSION = YES;
				CLANG_WARN_INFINITE_RECURSION = YES;
				CLANG_WARN_INT_CONVERSION = YES;
				CLANG_WARN_NON_LITERAL_NULL_CONVERSION = YES;
				CLANG_WARN_OBJC_IMPLICIT_RETAIN_SELF = YES;
				CLANG_WARN_OBJC_LITERAL_CONVERSION = YES;
				CLANG_WARN_OBJC_ROOT_CLASS = YES_ERROR;
				CLANG_WARN_QUOTED_INCLUDE_IN_FRAMEWORK_HEADER = YES;
				CLANG_WARN_RANGE_LOOP_ANALYSIS = YES;
				CLANG_WARN_STRICT_PROTOTYPES = YES;
				CLANG_WARN_SUSPICIOUS_MOVE = YES;
				CLANG_WARN_UNGUARDED_AVAILABILITY = YES_AGGRESSIVE;
				CLANG_WARN_UNREACHABLE_CODE = YES;
				CLANG_WARN__DUPLICATE_METHOD_MATCH = YES;
				COPY_PHASE_STRIP = NO;
				DEBUG_INFORMATION_FORMAT = dwarf;
				ENABLE_STRICT_OBJC_MSGSEND = YES;
				ENABLE_TESTABILITY = YES;
				ENABLE_USER_SCRIPT_SANDBOXING = YES;
				GCC_C_LANGUAGE_STANDARD = gnu17;
				GCC_DYNAMIC_NO_PIC = NO;
				GCC_NO_COMMON_BLOCKS = YES;
				GCC_OPTIMIZATION_LEVEL = 0;
				GCC_PREPROCESSOR_DEFINITIONS = (
					"DEBUG=1",
					"$(inherited)",
				);
				GCC_WARN_64_TO_32_BIT_CONVERSION = YES;
				GCC_WARN_ABOUT_RETURN_TYPE = YES_ERROR;
				GCC_WARN_UNDECLARED_SELECTOR = YES;
				GCC_WARN_UNINITIALIZED_AUTOS = YES_AGGRESSIVE;
				GCC_WARN_UNUSED_FUNCTION = YES;
				GCC_WARN_UNUSED_VARIABLE = YES;
				IPHONEOS_DEPLOYMENT_TARGET = 17.4;
				LOCALIZATION_PREFERS_STRING_CATALOGS = YES;
				MTL_ENABLE_DEBUG_INFO = INCLUDE_SOURCE;
				MTL_FAST_MATH = YES;
				ONLY_ACTIVE_ARCH = YES;
				SDKROOT = iphoneos;
				SWIFT_ACTIVE_COMPILATION_CONDITIONS = "DEBUG $(inherited)";
				SWIFT_OPTIMIZATION_LEVEL = "-Onone";
			};
			name = Debug;
		};
		C015E8532C507C7B0039AD51 /* Release */ = {
			isa = XCBuildConfiguration;
			buildSettings = {
				ALWAYS_SEARCH_USER_PATHS = NO;
				ASSETCATALOG_COMPILER_GENERATE_SWIFT_ASSET_SYMBOL_EXTENSIONS = YES;
				CLANG_ANALYZER_NONNULL = YES;
				CLANG_ANALYZER_NUMBER_OBJECT_CONVERSION = YES_AGGRESSIVE;
				CLANG_CXX_LANGUAGE_STANDARD = "gnu++20";
				CLANG_ENABLE_MODULES = YES;
				CLANG_ENABLE_OBJC_ARC = YES;
				CLANG_ENABLE_OBJC_WEAK = YES;
				CLANG_WARN_BLOCK_CAPTURE_AUTORELEASING = YES;
				CLANG_WARN_BOOL_CONVERSION = YES;
				CLANG_WARN_COMMA = YES;
				CLANG_WARN_CONSTANT_CONVERSION = YES;
				CLANG_WARN_DEPRECATED_OBJC_IMPLEMENTATIONS = YES;
				CLANG_WARN_DIRECT_OBJC_ISA_USAGE = YES_ERROR;
				CLANG_WARN_DOCUMENTATION_COMMENTS = YES;
				CLANG_WARN_EMPTY_BODY = YES;
				CLANG_WARN_ENUM_CONVERSION = YES;
				CLANG_WARN_INFINITE_RECURSION = YES;
				CLANG_WARN_INT_CONVERSION = YES;
				CLANG_WARN_NON_LITERAL_NULL_CONVERSION = YES;
				CLANG_WARN_OBJC_IMPLICIT_RETAIN_SELF = YES;
				CLANG_WARN_OBJC_LITERAL_CONVERSION = YES;
				CLANG_WARN_OBJC_ROOT_CLASS = YES_ERROR;
				CLANG_WARN_QUOTED_INCLUDE_IN_FRAMEWORK_HEADER = YES;
				CLANG_WARN_RANGE_LOOP_ANALYSIS = YES;
				CLANG_WARN_STRICT_PROTOTYPES = YES;
				CLANG_WARN_SUSPICIOUS_MOVE = YES;
				CLANG_WARN_UNGUARDED_AVAILABILITY = YES_AGGRESSIVE;
				CLANG_WARN_UNREACHABLE_CODE = YES;
				CLANG_WARN__DUPLICATE_METHOD_MATCH = YES;
				COPY_PHASE_STRIP = NO;
				DEBUG_INFORMATION_FORMAT = "dwarf-with-dsym";
				ENABLE_NS_ASSERTIONS = NO;
				ENABLE_STRICT_OBJC_MSGSEND = YES;
				ENABLE_USER_SCRIPT_SANDBOXING = YES;
				GCC_C_LANGUAGE_STANDARD = gnu17;
				GCC_NO_COMMON_BLOCKS = YES;
				GCC_WARN_64_TO_32_BIT_CONVERSION = YES;
				GCC_WARN_ABOUT_RETURN_TYPE = YES_ERROR;
				GCC_WARN_UNDECLARED_SELECTOR = YES;
				GCC_WARN_UNINITIALIZED_AUTOS = YES_AGGRESSIVE;
				GCC_WARN_UNUSED_FUNCTION = YES;
				GCC_WARN_UNUSED_VARIABLE = YES;
				IPHONEOS_DEPLOYMENT_TARGET = 17.4;
				LOCALIZATION_PREFERS_STRING_CATALOGS = YES;
				MTL_ENABLE_DEBUG_INFO = NO;
				MTL_FAST_MATH = YES;
				SDKROOT = iphoneos;
				SWIFT_COMPILATION_MODE = wholemodule;
				VALIDATE_PRODUCT = YES;
			};
			name = Release;
		};
		C015E8552C507C7B0039AD51 /* Debug */ = {
			isa = XCBuildConfiguration;
			buildSettings = {
				ASSETCATALOG_COMPILER_APPICON_NAME = AppIcon;
				ASSETCATALOG_COMPILER_GLOBAL_ACCENT_COLOR_NAME = AccentColor;
				CODE_SIGN_STYLE = Automatic;
				CURRENT_PROJECT_VERSION = 1;
				DEVELOPMENT_ASSET_PATHS = "\"Threads/Preview Content\"";
				DEVELOPMENT_TEAM = HR24WHR326;
				ENABLE_PREVIEWS = YES;
				GENERATE_INFOPLIST_FILE = YES;
				INFOPLIST_KEY_UIApplicationSceneManifest_Generation = YES;
				INFOPLIST_KEY_UIApplicationSupportsIndirectInputEvents = YES;
				INFOPLIST_KEY_UILaunchScreen_Generation = YES;
				INFOPLIST_KEY_UISupportedInterfaceOrientations_iPad = "UIInterfaceOrientationPortrait UIInterfaceOrientationPortraitUpsideDown UIInterfaceOrientationLandscapeLeft UIInterfaceOrientationLandscapeRight";
				INFOPLIST_KEY_UISupportedInterfaceOrientations_iPhone = "UIInterfaceOrientationPortrait UIInterfaceOrientationLandscapeLeft UIInterfaceOrientationLandscapeRight";
				LD_RUNPATH_SEARCH_PATHS = (
					"$(inherited)",
					"@executable_path/Frameworks",
				);
				MARKETING_VERSION = 1.0;
				PRODUCT_BUNDLE_IDENTIFIER = com.emanueledipietro.Threads;
				PRODUCT_NAME = "$(TARGET_NAME)";
				SWIFT_EMIT_LOC_STRINGS = YES;
				SWIFT_VERSION = 5.0;
				TARGETED_DEVICE_FAMILY = "1,2";
			};
			name = Debug;
		};
		C015E8562C507C7B0039AD51 /* Release */ = {
			isa = XCBuildConfiguration;
			buildSettings = {
				ASSETCATALOG_COMPILER_APPICON_NAME = AppIcon;
				ASSETCATALOG_COMPILER_GLOBAL_ACCENT_COLOR_NAME = AccentColor;
				CODE_SIGN_STYLE = Automatic;
				CURRENT_PROJECT_VERSION = 1;
				DEVELOPMENT_ASSET_PATHS = "\"Threads/Preview Content\"";
				DEVELOPMENT_TEAM = HR24WHR326;
				ENABLE_PREVIEWS = YES;
				GENERATE_INFOPLIST_FILE = YES;
				INFOPLIST_KEY_UIApplicationSceneManifest_Generation = YES;
				INFOPLIST_KEY_UIApplicationSupportsIndirectInputEvents = YES;
				INFOPLIST_KEY_UILaunchScreen_Generation = YES;
				INFOPLIST_KEY_UISupportedInterfaceOrientations_iPad = "UIInterfaceOrientationPortrait UIInterfaceOrientationPortraitUpsideDown UIInterfaceOrientationLandscapeLeft UIInterfaceOrientationLandscapeRight";
				INFOPLIST_KEY_UISupportedInterfaceOrientations_iPhone = "UIInterfaceOrientationPortrait UIInterfaceOrientationLandscapeLeft UIInterfaceOrientationLandscapeRight";
				LD_RUNPATH_SEARCH_PATHS = (
					"$(inherited)",
					"@executable_path/Frameworks",
				);
				MARKETING_VERSION = 1.0;
				PRODUCT_BUNDLE_IDENTIFIER = com.emanueledipietro.Threads;
				PRODUCT_NAME = "$(TARGET_NAME)";
				SWIFT_EMIT_LOC_STRINGS = YES;
				SWIFT_VERSION = 5.0;
				TARGETED_DEVICE_FAMILY = "1,2";
			};
			name = Release;
		};
/* End XCBuildConfiguration section */

/* Begin XCConfigurationList section */
		C015E8412C507C7B0039AD51 /* Build configuration list for PBXProject "Threads" */ = {
			isa = XCConfigurationList;
			buildConfigurations = (
				C015E8522C507C7B0039AD51 /* Debug */,
				C015E8532C507C7B0039AD51 /* Release */,
			);
			defaultConfigurationIsVisible = 0;
			defaultConfigurationName = Release;
		};
		C015E8542C507C7B0039AD51 /* Build configuration list for PBXNativeTarget "Threads" */ = {
			isa = XCConfigurationList;
			buildConfigurations = (
				C015E8552C507C7B0039AD51 /* Debug */,
				C015E8562C507C7B0039AD51 /* Release */,
			);
			defaultConfigurationIsVisible = 0;
			defaultConfigurationName = Release;
		};
/* End XCConfigurationList section */
	};
	rootObject = C015E83E2C507C7B0039AD51 /* Project object */;
}
